# This file was autogenerated by Stack.
# You should not edit this file by hand.
# For more information, please see the documentation at:
#   https://docs.haskellstack.org/en/stable/lock_files

packages:
- completed:
    hackage: paths-0.2.0.0@sha256:ce5a5e119750558a5f7b5e3c9df064542ff659bfadf9522928494a4231760596,2638
    pantry-tree:
      size: 732
      sha256: 49da961ed224458ebbed7cbc2d59155642b16d9bfd82cea5392ce9068725ed9e
  original:
    hackage: paths-0.2.0.0@sha256:ce5a5e119750558a5f7b5e3c9df064542ff659bfadf9522928494a4231760596,2638
snapshots:
- completed:
    size: 585393
    url: https://raw.githubusercontent.com/commercialhaskell/stackage-snapshots/master/lts/18/0.yaml
    sha256: c632012da648385b9fa3c29f4e0afd56ead299f1c5528ee789058be410e883c0
  original:
    url: https://raw.githubusercontent.com/commercialhaskell/stackage-snapshots/master/lts/18/0.yaml
